{
  "name": "UofT Hacks X",
  "lockfileVersion": 2,
  "requires": true,
  "packages": {
    "": {
      "dependencies": {
        "chrome-types": "^0.1.165"
      },
      "devDependencies": {
        "prettier": "2.8.3"
      }
    },
    "node_modules/chrome-types": {
      "version": "0.1.165",
      "resolved": "https://registry.npmjs.org/chrome-types/-/chrome-types-0.1.165.tgz",
      "integrity": "sha512-oI9snJyJHUUg5PJf7avsJ+C955gMngUmcY/F7CWWnT9YHyndIDINgN5M6dNCCyy9pN/kFZo8czGTmBT7fdAkHg=="
    },
    "node_modules/prettier": {
      "version": "2.8.3",
      "resolved": "https://registry.npmjs.org/prettier/-/prettier-2.8.3.tgz",
      "integrity": "sha512-tJ/oJ4amDihPoufT5sM0Z1SKEuKay8LfVAMlbbhnnkvt6BUserZylqo2PN+p9KeljLr0OHa2rXHU1T8reeoTrw==",
      "dev": true,
      "bin": {
        "prettier": "bin-prettier.js"
      },
      "engines": {
        "node": ">=10.13.0"
      },
      "funding": {
        "url": "https://github.com/prettier/prettier?sponsor=1"
      }
    }
  },
  "dependencies": {
    "chrome-types": {
      "version": "0.1.165",
      "resolved": "https://registry.npmjs.org/chrome-types/-/chrome-types-0.1.165.tgz",
      "integrity": "sha512-oI9snJyJHUUg5PJf7avsJ+C955gMngUmcY/F7CWWnT9YHyndIDINgN5M6dNCCyy9pN/kFZo8czGTmBT7fdAkHg=="
    },
    "prettier": {
      "version": "2.8.3",
      "resolved": "https://registry.npmjs.org/prettier/-/prettier-2.8.3.tgz",
      "integrity": "sha512-tJ/oJ4amDihPoufT5sM0Z1SKEuKay8LfVAMlbbhnnkvt6BUserZylqo2PN+p9KeljLr0OHa2rXHU1T8reeoTrw==",
      "dev": true
    }
  }
}
